{
  "nodes": {
    "crane": {
      "locked": {
        "lastModified": 1759511609,
        "narHash": "sha256-uU6Dq5OUgI9pEiMDwZZhvsoxYD+36xKIkYyFXDr//6A=",
        "owner": "ipetkov",
        "repo": "crane",
        "rev": "c5b48a59ccd5179ea626f47b05d2828c37fb31b7",
        "type": "github"
      },
      "original": {
        "owner": "ipetkov",
        "repo": "crane",
        "type": "github"
      }
    },
    "den": {
      "locked": {
        "lastModified": 1762154203,
        "narHash": "sha256-wHGUluQc9tVchJL3d0clMR8exRHhd9WEGoExm2DozCY=",
        "owner": "vic",
        "repo": "den",
        "rev": "3f92812d52331d01b1f1df3ccd179860ca030195",
        "type": "github"
      },
      "original": {
        "owner": "vic",
        "repo": "den",
        "type": "github"
      }
    },
    "fenix": {
      "inputs": {
        "nixpkgs": [
          "git-sparta",
          "nixpkgs"
        ],
        "rust-analyzer-src": "rust-analyzer-src"
      },
      "locked": {
        "lastModified": 1760164678,
        "narHash": "sha256-yxcfwZCysR6zPaFv7is3/FWd1h0h6kXME0vueSwTBhU=",
        "owner": "nix-community",
        "repo": "fenix",
        "rev": "2579f163559b902959cc420a6d3bfbd98c46a323",
        "type": "github"
      },
      "original": {
        "owner": "nix-community",
        "repo": "fenix",
        "type": "github"
      }
    },
    "files": {
      "locked": {
        "lastModified": 1750263550,
        "narHash": "sha256-EW/QJ8i/13GgiynBb6zOMxhLU1uEkRqmzbIDEP23yVA=",
        "owner": "mightyiam",
        "repo": "files",
        "rev": "5f4ef1fd1f9012354a9748be093e277675d10f07",
        "type": "github"
      },
      "original": {
        "owner": "mightyiam",
        "repo": "files",
        "type": "github"
      }
    },
    "flake-aspects": {
      "locked": {
        "lastModified": 1762148645,
        "narHash": "sha256-NfxjuuA1p7Sn+OX0HD+p6LepxRFYmahaybvN7+D3GZQ=",
        "owner": "vic",
        "repo": "flake-aspects",
        "rev": "895538b1372ecbe4966db85553b11eb64a72086c",
        "type": "github"
      },
      "original": {
        "owner": "vic",
        "repo": "flake-aspects",
        "type": "github"
      }
    },
    "flake-compat": {
      "flake": false,
      "locked": {
        "lastModified": 1747046372,
        "narHash": "sha256-CIVLLkVgvHYbgI2UpXvIIBJ12HWgX+fjA8Xf8PUmqCY=",
        "owner": "edolstra",
        "repo": "flake-compat",
        "rev": "9100a0f413b0c601e0533d1d94ffd501ce2e7885",
        "type": "github"
      },
      "original": {
        "owner": "edolstra",
        "repo": "flake-compat",
        "type": "github"
      }
    },
    "flake-file": {
      "locked": {
        "lastModified": 1761535278,
        "narHash": "sha256-OPZ7XpG778i9CIJfchAwgrZGZ9z1dWJzfN18VFxCyS4=",
        "owner": "vic",
        "repo": "flake-file",
        "rev": "57b2a65831ae49e4f9218dbba1c2dc9700f6cd68",
        "type": "github"
      },
      "original": {
        "owner": "vic",
        "repo": "flake-file",
        "type": "github"
      }
    },
    "flake-parts": {
      "inputs": {
        "nixpkgs-lib": [
          "nixpkgs-lib"
        ]
      },
      "locked": {
        "lastModified": 1762040540,
        "narHash": "sha256-z5PlZ47j50VNF3R+IMS9LmzI5fYRGY/Z5O5tol1c9I4=",
        "owner": "hercules-ci",
        "repo": "flake-parts",
        "rev": "0010412d62a25d959151790968765a70c436598b",
        "type": "github"
      },
      "original": {
        "owner": "hercules-ci",
        "repo": "flake-parts",
        "type": "github"
      }
    },
    "flake-parts_2": {
      "inputs": {
        "nixpkgs-lib": [
          "git-sparta",
          "nixpkgs"
        ]
      },
      "locked": {
        "lastModified": 1759362264,
        "narHash": "sha256-wfG0S7pltlYyZTM+qqlhJ7GMw2fTF4mLKCIVhLii/4M=",
        "owner": "hercules-ci",
        "repo": "flake-parts",
        "rev": "758cf7296bee11f1706a574c77d072b8a7baa881",
        "type": "github"
      },
      "original": {
        "owner": "hercules-ci",
        "repo": "flake-parts",
        "type": "github"
      }
    },
    "flake-parts_3": {
      "inputs": {
        "nixpkgs-lib": [
          "helium-browser",
          "nixpkgs"
        ]
      },
      "locked": {
        "lastModified": 1759362264,
        "narHash": "sha256-wfG0S7pltlYyZTM+qqlhJ7GMw2fTF4mLKCIVhLii/4M=",
        "owner": "hercules-ci",
        "repo": "flake-parts",
        "rev": "758cf7296bee11f1706a574c77d072b8a7baa881",
        "type": "github"
      },
      "original": {
        "owner": "hercules-ci",
        "repo": "flake-parts",
        "type": "github"
      }
    },
    "flake-parts_4": {
      "inputs": {
        "nixpkgs-lib": [
          "nur",
          "nixpkgs"
        ]
      },
      "locked": {
        "lastModified": 1733312601,
        "narHash": "sha256-4pDvzqnegAfRkPwO3wmwBhVi/Sye1mzps0zHWYnP88c=",
        "owner": "hercules-ci",
        "repo": "flake-parts",
        "rev": "205b12d8b7cd4802fbcb8e8ef6a0f1408781a4f9",
        "type": "github"
      },
      "original": {
        "owner": "hercules-ci",
        "repo": "flake-parts",
        "type": "github"
      }
    },
    "git-hooks": {
      "flake": false,
      "locked": {
        "lastModified": 1759523803,
        "narHash": "sha256-PTod9NG+i3XbbnBKMl/e5uHDBYpwIWivQ3gOWSEuIEM=",
        "owner": "cachix",
        "repo": "git-hooks.nix",
        "rev": "cfc9f7bb163ad8542029d303e599c0f7eee09835",
        "type": "github"
      },
      "original": {
        "owner": "cachix",
        "repo": "git-hooks.nix",
        "type": "github"
      }
    },
    "git-sparta": {
      "inputs": {
        "fenix": "fenix",
        "flake-parts": "flake-parts_2",
        "git-hooks": "git-hooks",
        "nixpkgs": [
          "nixpkgs"
        ],
        "rust-flake": "rust-flake",
        "systems": "systems"
      },
      "locked": {
        "lastModified": 1760935111,
        "narHash": "sha256-BUU5v5NFsi5XTUl+5Uu21FG+GMuh1i60hmZXpnbD0g8=",
        "owner": "Alb-O",
        "repo": "git-sparta",
        "rev": "5cdfc1eac9f4fea5b3cef424f2351b1fbd967579",
        "type": "github"
      },
      "original": {
        "owner": "Alb-O",
        "repo": "git-sparta",
        "type": "github"
      }
    },
    "helium-browser": {
      "inputs": {
        "flake-parts": "flake-parts_3",
        "nixpkgs": [
          "nixpkgs"
        ],
        "treefmt-nix": "treefmt-nix"
      },
      "locked": {
        "lastModified": 1762154723,
        "narHash": "sha256-rCY/Lz/Ca6Oi/kmkp+zPpVj/2SyQnh1e07ErtChc91k=",
        "owner": "ominit",
        "repo": "helium-browser-flake",
        "rev": "0e6a5b67da3d2b54618966f21ecd39290083c3a1",
        "type": "github"
      },
      "original": {
        "owner": "ominit",
        "repo": "helium-browser-flake",
        "type": "github"
      }
    },
    "home-manager": {
      "inputs": {
        "nixpkgs": [
          "nixpkgs"
        ]
      },
      "locked": {
        "lastModified": 1762183399,
        "narHash": "sha256-vr2aL1QLfERYTfYBgK8cW3T9eSdSEThH462wKaGlmEU=",
        "owner": "nix-community",
        "repo": "home-manager",
        "rev": "a5fee077929ae2f2800c3087dce5e1abb4edfbc6",
        "type": "github"
      },
      "original": {
        "owner": "nix-community",
        "repo": "home-manager",
        "type": "github"
      }
    },
    "import-tree": {
      "locked": {
        "lastModified": 1761120675,
        "narHash": "sha256-TEbh9zISiQcU82VwVoEbmXHnSGlUxTwvjJA9g9ErSDA=",
        "owner": "vic",
        "repo": "import-tree",
        "rev": "a037ed2a58fc0ebed9e93b9ef79b0646e648f719",
        "type": "github"
      },
      "original": {
        "owner": "vic",
        "repo": "import-tree",
        "type": "github"
      }
    },
    "mcp-servers-nix": {
      "inputs": {
        "nixpkgs": [
          "nixpkgs"
        ]
      },
      "locked": {
        "lastModified": 1762048946,
        "narHash": "sha256-/rhSiYGpHFg7JTTzp0ptLON4gkjebPNBvtlU0lgVQSs=",
        "owner": "natsukium",
        "repo": "mcp-servers-nix",
        "rev": "a5a86f8cf4072699d788db66c2001c41d5eee67b",
        "type": "github"
      },
      "original": {
        "owner": "natsukium",
        "repo": "mcp-servers-nix",
        "type": "github"
      }
    },
    "nix-auto-follow": {
      "inputs": {
        "nixpkgs": [
          "nixpkgs"
        ]
      },
      "locked": {
        "lastModified": 1754073254,
        "narHash": "sha256-CQp/v2HQ7AtGJQqFGRZLHt4MZAK3NF94I6GDaRyhbsc=",
        "owner": "fzakaria",
        "repo": "nix-auto-follow",
        "rev": "5baa00b79d4cc46523da0b8b3532c5163d151be4",
        "type": "github"
      },
      "original": {
        "owner": "fzakaria",
        "repo": "nix-auto-follow",
        "type": "github"
      }
    },
    "nixos-wsl": {
      "inputs": {
        "flake-compat": "flake-compat",
        "nixpkgs": [
          "nixpkgs"
        ]
      },
      "locked": {
        "lastModified": 1761969132,
        "narHash": "sha256-0me4+e+1VxNuvySSw0voqMCWU/eUmTuth7f4+Q2jbUY=",
        "owner": "nix-community",
        "repo": "NixOS-WSL",
        "rev": "761582d6ab431549fe1396d2cd681e3fe9376020",
        "type": "github"
      },
      "original": {
        "owner": "nix-community",
        "repo": "NixOS-WSL",
        "type": "github"
      }
    },
    "nixpkgs": {
      "locked": {
        "lastModified": 1762156382,
        "narHash": "sha256-Yg7Ag7ov5+36jEFC1DaZh/12SEXo6OO3/8rqADRxiqs=",
        "owner": "nixos",
        "repo": "nixpkgs",
        "rev": "7241bcbb4f099a66aafca120d37c65e8dda32717",
        "type": "github"
      },
      "original": {
        "owner": "nixos",
        "ref": "nixpkgs-unstable",
        "repo": "nixpkgs",
        "type": "github"
      }
    },
    "nixpkgs-master": {
      "locked": {
        "lastModified": 1762201752,
        "narHash": "sha256-eUyV/NttFv+MxZSrxfFvOI6d5bu654Vywuw4j4tnFnc=",
        "owner": "NixOS",
        "repo": "nixpkgs",
        "rev": "2f3514442bb3ad4c462a3f803aa5bf5896beb3d3",
        "type": "github"
      },
      "original": {
        "owner": "NixOS",
        "ref": "master",
        "repo": "nixpkgs",
        "type": "github"
      }
    },
    "nur": {
      "inputs": {
        "flake-parts": "flake-parts_4",
        "nixpkgs": [
          "nixpkgs"
        ]
      },
      "locked": {
        "lastModified": 1762200885,
        "narHash": "sha256-IPrbvJWU+Gwgg6RBFHW1pgBTZi2uDzgBvEZm3phAId0=",
        "owner": "nix-community",
        "repo": "NUR",
        "rev": "0fbd67c5f81aa452afad41ed95f0e6d161f339cc",
        "type": "github"
      },
      "original": {
        "owner": "nix-community",
        "repo": "NUR",
        "type": "github"
      }
    },
    "opencode-flake": {
      "inputs": {
        "nixpkgs": [
          "nixpkgs"
        ]
      },
      "locked": {
        "lastModified": 1762190185,
        "narHash": "sha256-Xx6m1QCjIkoutgadCxsJslvpmyAaITTokdro0yVZQ/U=",
        "owner": "Alb-O",
        "repo": "opencode-flake",
        "rev": "59f254002aa54f26555e9facbc4c5cdd7ef195d5",
        "type": "github"
      },
      "original": {
        "owner": "Alb-O",
        "repo": "opencode-flake",
        "type": "github"
      }
    },
    "root": {
      "inputs": {
        "den": "den",
        "files": "files",
        "flake-aspects": "flake-aspects",
        "flake-file": "flake-file",
        "flake-parts": "flake-parts",
        "git-sparta": "git-sparta",
        "helium-browser": "helium-browser",
        "home-manager": "home-manager",
        "import-tree": "import-tree",
        "mcp-servers-nix": "mcp-servers-nix",
        "nix-auto-follow": "nix-auto-follow",
        "nixos-wsl": "nixos-wsl",
        "nixpkgs": "nixpkgs",
        "nixpkgs-lib": [
          "nixpkgs"
        ],
        "nixpkgs-master": "nixpkgs-master",
        "nur": "nur",
        "opencode-flake": "opencode-flake",
        "sops-nix": "sops-nix",
        "systems": "systems_2",
        "treefmt-nix": "treefmt-nix_2"
      }
    },
    "rust-analyzer-src": {
      "flake": false,
      "locked": {
        "lastModified": 1760090851,
        "narHash": "sha256-XGkBjf4Dzg6tXd0KGgKzeW4oVX/iLzLhD3rQ1cATpqM=",
        "owner": "rust-lang",
        "repo": "rust-analyzer",
        "rev": "b93180b4f2cb3c81ac7f17f46e3dfcb30ecc7843",
        "type": "github"
      },
      "original": {
        "owner": "rust-lang",
        "ref": "nightly",
        "repo": "rust-analyzer",
        "type": "github"
      }
    },
    "rust-flake": {
      "inputs": {
        "crane": "crane",
        "nixpkgs": [
          "git-sparta",
          "nixpkgs"
        ],
        "rust-overlay": "rust-overlay"
      },
      "locked": {
        "lastModified": 1759628990,
        "narHash": "sha256-yxsKahlZkX6amvRX2J8TbNDR2kH2reG1+HDY8qSzt3A=",
        "owner": "juspay",
        "repo": "rust-flake",
        "rev": "17e25c51f711fd57e465331d68a81b5b2d4602e5",
        "type": "github"
      },
      "original": {
        "owner": "juspay",
        "repo": "rust-flake",
        "type": "github"
      }
    },
    "rust-overlay": {
      "inputs": {
        "nixpkgs": [
          "git-sparta",
          "rust-flake",
          "nixpkgs"
        ]
      },
      "locked": {
        "lastModified": 1759544920,
        "narHash": "sha256-yQwP0JOHi3Icq09GG5ufGuGrq2zIijglVFj3kkF2MHA=",
        "owner": "oxalica",
        "repo": "rust-overlay",
        "rev": "bd3a63bbff2c4cb3cd48e9d49f54c2ccad457f70",
        "type": "github"
      },
      "original": {
        "owner": "oxalica",
        "repo": "rust-overlay",
        "type": "github"
      }
    },
    "sops-nix": {
      "inputs": {
        "nixpkgs": [
          "nixpkgs"
        ]
      },
      "locked": {
        "lastModified": 1760998189,
        "narHash": "sha256-ee2e1/AeGL5X8oy/HXsZQvZnae6XfEVdstGopKucYLY=",
        "owner": "Mic92",
        "repo": "sops-nix",
        "rev": "5a7d18b5c55642df5c432aadb757140edfeb70b3",
        "type": "github"
      },
      "original": {
        "owner": "Mic92",
        "repo": "sops-nix",
        "type": "github"
      }
    },
    "systems": {
      "locked": {
        "lastModified": 1681028828,
        "narHash": "sha256-Vy1rq5AaRuLzOxct8nz4T6wlgyUR7zLU309k9mBC768=",
        "owner": "nix-systems",
        "repo": "default",
        "rev": "da67096a3b9bf56a91d16901293e51ba5b49a27e",
        "type": "github"
      },
      "original": {
        "owner": "nix-systems",
        "repo": "default",
        "type": "github"
      }
    },
    "systems_2": {
      "locked": {
        "lastModified": 1681028828,
        "narHash": "sha256-Vy1rq5AaRuLzOxct8nz4T6wlgyUR7zLU309k9mBC768=",
        "owner": "nix-systems",
        "repo": "default",
        "rev": "da67096a3b9bf56a91d16901293e51ba5b49a27e",
        "type": "github"
      },
      "original": {
        "owner": "nix-systems",
        "repo": "default",
        "type": "github"
      }
    },
    "treefmt-nix": {
      "inputs": {
        "nixpkgs": [
          "helium-browser",
          "nixpkgs"
        ]
      },
      "locked": {
        "lastModified": 1758728421,
        "narHash": "sha256-ySNJ008muQAds2JemiyrWYbwbG+V7S5wg3ZVKGHSFu8=",
        "owner": "numtide",
        "repo": "treefmt-nix",
        "rev": "5eda4ee8121f97b218f7cc73f5172098d458f1d1",
        "type": "github"
      },
      "original": {
        "owner": "numtide",
        "repo": "treefmt-nix",
        "type": "github"
      }
    },
    "treefmt-nix_2": {
      "inputs": {
        "nixpkgs": [
          "nixpkgs"
        ]
      },
      "locked": {
        "lastModified": 1761311587,
        "narHash": "sha256-Msq86cR5SjozQGCnC6H8C+0cD4rnx91BPltZ9KK613Y=",
        "owner": "numtide",
        "repo": "treefmt-nix",
        "rev": "2eddae033e4e74bf581c2d1dfa101f9033dbd2dc",
        "type": "github"
      },
      "original": {
        "owner": "numtide",
        "repo": "treefmt-nix",
        "type": "github"
      }
    }
  },
  "root": "root",
  "version": 7
}
