{
  "nodes": {
    "crane": {
      "locked": {
        "lastModified": 1759511609,
        "narHash": "sha256-uU6Dq5OUgI9pEiMDwZZhvsoxYD+36xKIkYyFXDr//6A=",
        "owner": "ipetkov",
        "repo": "crane",
        "rev": "c5b48a59ccd5179ea626f47b05d2828c37fb31b7",
        "type": "github"
      },
      "original": {
        "owner": "ipetkov",
        "repo": "crane",
        "type": "github"
      }
    },
    "fenix": {
      "inputs": {
        "nixpkgs": [
          "git-sparta",
          "nixpkgs"
        ],
        "rust-analyzer-src": "rust-analyzer-src"
      },
      "locked": {
        "lastModified": 1760164678,
        "narHash": "sha256-yxcfwZCysR6zPaFv7is3/FWd1h0h6kXME0vueSwTBhU=",
        "owner": "nix-community",
        "repo": "fenix",
        "rev": "2579f163559b902959cc420a6d3bfbd98c46a323",
        "type": "github"
      },
      "original": {
        "owner": "nix-community",
        "repo": "fenix",
        "type": "github"
      }
    },
    "files": {
      "locked": {
        "lastModified": 1750263550,
        "narHash": "sha256-EW/QJ8i/13GgiynBb6zOMxhLU1uEkRqmzbIDEP23yVA=",
        "owner": "mightyiam",
        "repo": "files",
        "rev": "5f4ef1fd1f9012354a9748be093e277675d10f07",
        "type": "github"
      },
      "original": {
        "owner": "mightyiam",
        "repo": "files",
        "type": "github"
      }
    },
    "flake-aspects": {
      "locked": {
        "lastModified": 1760735761,
        "narHash": "sha256-UsqYUaLAQvpC8+9ylFcnCaAw4e+sx7qgPQvt9wLHRyE=",
        "owner": "vic",
        "repo": "flake-aspects",
        "rev": "89dfd9491ed9253625d713e226b49b1acf781155",
        "type": "github"
      },
      "original": {
        "owner": "vic",
        "repo": "flake-aspects",
        "type": "github"
      }
    },
    "flake-compat": {
      "flake": false,
      "locked": {
        "lastModified": 1747046372,
        "narHash": "sha256-CIVLLkVgvHYbgI2UpXvIIBJ12HWgX+fjA8Xf8PUmqCY=",
        "owner": "edolstra",
        "repo": "flake-compat",
        "rev": "9100a0f413b0c601e0533d1d94ffd501ce2e7885",
        "type": "github"
      },
      "original": {
        "owner": "edolstra",
        "repo": "flake-compat",
        "type": "github"
      }
    },
    "flake-file": {
      "locked": {
        "lastModified": 1760735023,
        "narHash": "sha256-0MV+A5Llmtnfy5vykQj5DlTp2DnEy1cavRTzdTieR/Y=",
        "owner": "vic",
        "repo": "flake-file",
        "rev": "d352a82473d31ce83fb98bba9e13e1f43da063b9",
        "type": "github"
      },
      "original": {
        "owner": "vic",
        "repo": "flake-file",
        "type": "github"
      }
    },
    "flake-parts": {
      "inputs": {
        "nixpkgs-lib": "nixpkgs-lib"
      },
      "locked": {
        "lastModified": 1759362264,
        "narHash": "sha256-wfG0S7pltlYyZTM+qqlhJ7GMw2fTF4mLKCIVhLii/4M=",
        "owner": "hercules-ci",
        "repo": "flake-parts",
        "rev": "758cf7296bee11f1706a574c77d072b8a7baa881",
        "type": "github"
      },
      "original": {
        "owner": "hercules-ci",
        "repo": "flake-parts",
        "type": "github"
      }
    },
    "flake-parts_2": {
      "inputs": {
        "nixpkgs-lib": "nixpkgs-lib_2"
      },
      "locked": {
        "lastModified": 1759362264,
        "narHash": "sha256-wfG0S7pltlYyZTM+qqlhJ7GMw2fTF4mLKCIVhLii/4M=",
        "owner": "hercules-ci",
        "repo": "flake-parts",
        "rev": "758cf7296bee11f1706a574c77d072b8a7baa881",
        "type": "github"
      },
      "original": {
        "owner": "hercules-ci",
        "repo": "flake-parts",
        "type": "github"
      }
    },
    "flake-parts_3": {
      "inputs": {
        "nixpkgs-lib": "nixpkgs-lib_3"
      },
      "locked": {
        "lastModified": 1759362264,
        "narHash": "sha256-wfG0S7pltlYyZTM+qqlhJ7GMw2fTF4mLKCIVhLii/4M=",
        "owner": "hercules-ci",
        "repo": "flake-parts",
        "rev": "758cf7296bee11f1706a574c77d072b8a7baa881",
        "type": "github"
      },
      "original": {
        "owner": "hercules-ci",
        "repo": "flake-parts",
        "type": "github"
      }
    },
    "git-hooks": {
      "flake": false,
      "locked": {
        "lastModified": 1759523803,
        "narHash": "sha256-PTod9NG+i3XbbnBKMl/e5uHDBYpwIWivQ3gOWSEuIEM=",
        "owner": "cachix",
        "repo": "git-hooks.nix",
        "rev": "cfc9f7bb163ad8542029d303e599c0f7eee09835",
        "type": "github"
      },
      "original": {
        "owner": "cachix",
        "repo": "git-hooks.nix",
        "type": "github"
      }
    },
    "git-sparta": {
      "inputs": {
        "fenix": "fenix",
        "flake-parts": "flake-parts_2",
        "git-hooks": "git-hooks",
        "nixpkgs": "nixpkgs",
        "rust-flake": "rust-flake",
        "systems": "systems"
      },
      "locked": {
        "lastModified": 1760400360,
        "narHash": "sha256-oLtCrgd+brsMCHuKvDB7KZX0dpMQv1JO06igKGSxPlY=",
        "owner": "Alb-O",
        "repo": "git-sparta",
        "rev": "db1244d19428c3e0814fc4363225187be8ca87cf",
        "type": "github"
      },
      "original": {
        "owner": "Alb-O",
        "repo": "git-sparta",
        "type": "github"
      }
    },
    "home-manager": {
      "inputs": {
        "nixpkgs": "nixpkgs_2"
      },
      "locked": {
        "lastModified": 1760662441,
        "narHash": "sha256-mlDqR1Ntgs9uYYEAUR1IhamKBO0lxoNS4zGLzEZaY0A=",
        "owner": "nix-community",
        "repo": "home-manager",
        "rev": "722792af097dff5790f1a66d271a47759f477755",
        "type": "github"
      },
      "original": {
        "owner": "nix-community",
        "repo": "home-manager",
        "type": "github"
      }
    },
    "import-tree": {
      "locked": {
        "lastModified": 1752730890,
        "narHash": "sha256-GES8fapSLGz36MMPRVNkSUWXUTtqvGQNXHjRmRLfJUY=",
        "owner": "vic",
        "repo": "import-tree",
        "rev": "6ebb8cb87987b20264c09296166543fd3761d274",
        "type": "github"
      },
      "original": {
        "owner": "vic",
        "repo": "import-tree",
        "type": "github"
      }
    },
    "niri-flake": {
      "inputs": {
        "niri-stable": "niri-stable",
        "niri-unstable": "niri-unstable",
        "nixpkgs": "nixpkgs_3",
        "nixpkgs-stable": "nixpkgs-stable",
        "xwayland-satellite-stable": "xwayland-satellite-stable",
        "xwayland-satellite-unstable": "xwayland-satellite-unstable"
      },
      "locked": {
        "lastModified": 1760770537,
        "narHash": "sha256-Zh6G/UAu7ZVcucV/5sQMYfrtdc2kRTOXkhGBLsRwLsQ=",
        "owner": "sodiboo",
        "repo": "niri-flake",
        "rev": "05ad9a1eb237b20c1439488baa95a40e4d546046",
        "type": "github"
      },
      "original": {
        "owner": "sodiboo",
        "repo": "niri-flake",
        "type": "github"
      }
    },
    "niri-stable": {
      "flake": false,
      "locked": {
        "lastModified": 1756556321,
        "narHash": "sha256-RLD89dfjN0RVO86C/Mot0T7aduCygPGaYbog566F0Qo=",
        "owner": "YaLTeR",
        "repo": "niri",
        "rev": "01be0e65f4eb91a9cd624ac0b76aaeab765c7294",
        "type": "github"
      },
      "original": {
        "owner": "YaLTeR",
        "ref": "v25.08",
        "repo": "niri",
        "type": "github"
      }
    },
    "niri-unstable": {
      "flake": false,
      "locked": {
        "lastModified": 1760765990,
        "narHash": "sha256-iGcxDW6QpiEKf67tCrmvK99qpV5RGwJlvn9NP+6LY/U=",
        "owner": "YaLTeR",
        "repo": "niri",
        "rev": "79cdbc5748fde39365198b7e65936ec45be1d520",
        "type": "github"
      },
      "original": {
        "owner": "YaLTeR",
        "repo": "niri",
        "type": "github"
      }
    },
    "nix-auto-follow": {
      "inputs": {
        "nixpkgs": "nixpkgs_4"
      },
      "locked": {
        "lastModified": 1754073254,
        "narHash": "sha256-CQp/v2HQ7AtGJQqFGRZLHt4MZAK3NF94I6GDaRyhbsc=",
        "owner": "fzakaria",
        "repo": "nix-auto-follow",
        "rev": "5baa00b79d4cc46523da0b8b3532c5163d151be4",
        "type": "github"
      },
      "original": {
        "owner": "fzakaria",
        "repo": "nix-auto-follow",
        "type": "github"
      }
    },
    "nixos-wsl": {
      "inputs": {
        "flake-compat": "flake-compat",
        "nixpkgs": "nixpkgs_5"
      },
      "locked": {
        "lastModified": 1760536587,
        "narHash": "sha256-wfWqt+igns/VazjPLkyb4Z/wpn4v+XIjUeI3xY/1ENg=",
        "owner": "nix-community",
        "repo": "NixOS-WSL",
        "rev": "f98ee1de1fa36eca63c67b600f5d617e184e82ea",
        "type": "github"
      },
      "original": {
        "owner": "nix-community",
        "repo": "NixOS-WSL",
        "type": "github"
      }
    },
    "nixpkgs": {
      "locked": {
        "lastModified": 1760596604,
        "narHash": "sha256-J/i5K6AAz/y5dBePHQOuzC7MbhyTOKsd/GLezSbEFiM=",
        "owner": "nixos",
        "repo": "nixpkgs",
        "rev": "3cbe716e2346710d6e1f7c559363d14e11c32a43",
        "type": "github"
      },
      "original": {
        "owner": "nixos",
        "ref": "nixpkgs-unstable",
        "repo": "nixpkgs",
        "type": "github"
      }
    },
    "nixpkgs-lib": {
      "locked": {
        "lastModified": 1754788789,
        "narHash": "sha256-x2rJ+Ovzq0sCMpgfgGaaqgBSwY+LST+WbZ6TytnT9Rk=",
        "owner": "nix-community",
        "repo": "nixpkgs.lib",
        "rev": "a73b9c743612e4244d865a2fdee11865283c04e6",
        "type": "github"
      },
      "original": {
        "owner": "nix-community",
        "repo": "nixpkgs.lib",
        "type": "github"
      }
    },
    "nixpkgs-lib_2": {
      "locked": {
        "lastModified": 1754788789,
        "narHash": "sha256-x2rJ+Ovzq0sCMpgfgGaaqgBSwY+LST+WbZ6TytnT9Rk=",
        "owner": "nix-community",
        "repo": "nixpkgs.lib",
        "rev": "a73b9c743612e4244d865a2fdee11865283c04e6",
        "type": "github"
      },
      "original": {
        "owner": "nix-community",
        "repo": "nixpkgs.lib",
        "type": "github"
      }
    },
    "nixpkgs-lib_3": {
      "locked": {
        "lastModified": 1754788789,
        "narHash": "sha256-x2rJ+Ovzq0sCMpgfgGaaqgBSwY+LST+WbZ6TytnT9Rk=",
        "owner": "nix-community",
        "repo": "nixpkgs.lib",
        "rev": "a73b9c743612e4244d865a2fdee11865283c04e6",
        "type": "github"
      },
      "original": {
        "owner": "nix-community",
        "repo": "nixpkgs.lib",
        "type": "github"
      }
    },
    "nixpkgs-master": {
      "locked": {
        "lastModified": 1760773225,
        "narHash": "sha256-nQoJNWFOf58J2AQFm6H/Vdr5c4dcr4c8PZZjvOdgpSQ=",
        "owner": "NixOS",
        "repo": "nixpkgs",
        "rev": "83baa28a843c2bf167f2ce2fd03894da09e31a2c",
        "type": "github"
      },
      "original": {
        "owner": "NixOS",
        "ref": "master",
        "repo": "nixpkgs",
        "type": "github"
      }
    },
    "nixpkgs-stable": {
      "locked": {
        "lastModified": 1760580664,
        "narHash": "sha256-/YdfibIrnqXAL8p5kqCU345mzpHoOtuVIkMiI2pF4Dc=",
        "owner": "NixOS",
        "repo": "nixpkgs",
        "rev": "98ff3f9af2684f6136c24beef08f5e2033fc5389",
        "type": "github"
      },
      "original": {
        "owner": "NixOS",
        "ref": "nixos-25.05",
        "repo": "nixpkgs",
        "type": "github"
      }
    },
    "nixpkgs_2": {
      "locked": {
        "lastModified": 1760596604,
        "narHash": "sha256-J/i5K6AAz/y5dBePHQOuzC7MbhyTOKsd/GLezSbEFiM=",
        "owner": "nixos",
        "repo": "nixpkgs",
        "rev": "3cbe716e2346710d6e1f7c559363d14e11c32a43",
        "type": "github"
      },
      "original": {
        "owner": "nixos",
        "ref": "nixpkgs-unstable",
        "repo": "nixpkgs",
        "type": "github"
      }
    },
    "nixpkgs_3": {
      "locked": {
        "lastModified": 1760596604,
        "narHash": "sha256-J/i5K6AAz/y5dBePHQOuzC7MbhyTOKsd/GLezSbEFiM=",
        "owner": "nixos",
        "repo": "nixpkgs",
        "rev": "3cbe716e2346710d6e1f7c559363d14e11c32a43",
        "type": "github"
      },
      "original": {
        "owner": "nixos",
        "ref": "nixpkgs-unstable",
        "repo": "nixpkgs",
        "type": "github"
      }
    },
    "nixpkgs_4": {
      "locked": {
        "lastModified": 1760596604,
        "narHash": "sha256-J/i5K6AAz/y5dBePHQOuzC7MbhyTOKsd/GLezSbEFiM=",
        "owner": "nixos",
        "repo": "nixpkgs",
        "rev": "3cbe716e2346710d6e1f7c559363d14e11c32a43",
        "type": "github"
      },
      "original": {
        "owner": "nixos",
        "ref": "nixpkgs-unstable",
        "repo": "nixpkgs",
        "type": "github"
      }
    },
    "nixpkgs_5": {
      "locked": {
        "lastModified": 1760596604,
        "narHash": "sha256-J/i5K6AAz/y5dBePHQOuzC7MbhyTOKsd/GLezSbEFiM=",
        "owner": "nixos",
        "repo": "nixpkgs",
        "rev": "3cbe716e2346710d6e1f7c559363d14e11c32a43",
        "type": "github"
      },
      "original": {
        "owner": "nixos",
        "ref": "nixpkgs-unstable",
        "repo": "nixpkgs",
        "type": "github"
      }
    },
    "nixpkgs_6": {
      "locked": {
        "lastModified": 1760596604,
        "narHash": "sha256-J/i5K6AAz/y5dBePHQOuzC7MbhyTOKsd/GLezSbEFiM=",
        "owner": "nixos",
        "repo": "nixpkgs",
        "rev": "3cbe716e2346710d6e1f7c559363d14e11c32a43",
        "type": "github"
      },
      "original": {
        "owner": "nixos",
        "ref": "nixpkgs-unstable",
        "repo": "nixpkgs",
        "type": "github"
      }
    },
    "nixpkgs_7": {
      "locked": {
        "lastModified": 1760596604,
        "narHash": "sha256-J/i5K6AAz/y5dBePHQOuzC7MbhyTOKsd/GLezSbEFiM=",
        "owner": "nixos",
        "repo": "nixpkgs",
        "rev": "3cbe716e2346710d6e1f7c559363d14e11c32a43",
        "type": "github"
      },
      "original": {
        "owner": "nixos",
        "ref": "nixpkgs-unstable",
        "repo": "nixpkgs",
        "type": "github"
      }
    },
    "nixpkgs_8": {
      "locked": {
        "lastModified": 1760596604,
        "narHash": "sha256-J/i5K6AAz/y5dBePHQOuzC7MbhyTOKsd/GLezSbEFiM=",
        "owner": "nixos",
        "repo": "nixpkgs",
        "rev": "3cbe716e2346710d6e1f7c559363d14e11c32a43",
        "type": "github"
      },
      "original": {
        "owner": "nixos",
        "ref": "nixpkgs-unstable",
        "repo": "nixpkgs",
        "type": "github"
      }
    },
    "nixpkgs_9": {
      "locked": {
        "lastModified": 1760596604,
        "narHash": "sha256-J/i5K6AAz/y5dBePHQOuzC7MbhyTOKsd/GLezSbEFiM=",
        "owner": "nixos",
        "repo": "nixpkgs",
        "rev": "3cbe716e2346710d6e1f7c559363d14e11c32a43",
        "type": "github"
      },
      "original": {
        "owner": "nixos",
        "ref": "nixpkgs-unstable",
        "repo": "nixpkgs",
        "type": "github"
      }
    },
    "nur": {
      "inputs": {
        "flake-parts": "flake-parts_3",
        "nixpkgs": "nixpkgs_7"
      },
      "locked": {
        "lastModified": 1760772444,
        "narHash": "sha256-qhSjWWcc9tjky7CLJJhPds0UuHawG8hH0xc56FnfuCU=",
        "owner": "nix-community",
        "repo": "NUR",
        "rev": "7a826859c6db549663b490ced73ab0542cbef8fd",
        "type": "github"
      },
      "original": {
        "owner": "nix-community",
        "repo": "NUR",
        "type": "github"
      }
    },
    "root": {
      "inputs": {
        "files": "files",
        "flake-aspects": "flake-aspects",
        "flake-file": "flake-file",
        "flake-parts": "flake-parts",
        "git-sparta": "git-sparta",
        "home-manager": "home-manager",
        "import-tree": "import-tree",
        "niri-flake": "niri-flake",
        "nix-auto-follow": "nix-auto-follow",
        "nixos-wsl": "nixos-wsl",
        "nixpkgs": "nixpkgs_6",
        "nixpkgs-lib": [
          "nixpkgs"
        ],
        "nixpkgs-master": "nixpkgs-master",
        "nur": "nur",
        "sops-nix": "sops-nix",
        "systems": "systems_2",
        "treefmt-nix": "treefmt-nix"
      }
    },
    "rust-analyzer-src": {
      "flake": false,
      "locked": {
        "lastModified": 1760090851,
        "narHash": "sha256-XGkBjf4Dzg6tXd0KGgKzeW4oVX/iLzLhD3rQ1cATpqM=",
        "owner": "rust-lang",
        "repo": "rust-analyzer",
        "rev": "b93180b4f2cb3c81ac7f17f46e3dfcb30ecc7843",
        "type": "github"
      },
      "original": {
        "owner": "rust-lang",
        "ref": "nightly",
        "repo": "rust-analyzer",
        "type": "github"
      }
    },
    "rust-flake": {
      "inputs": {
        "crane": "crane",
        "nixpkgs": [
          "git-sparta",
          "nixpkgs"
        ],
        "rust-overlay": "rust-overlay"
      },
      "locked": {
        "lastModified": 1759628990,
        "narHash": "sha256-yxsKahlZkX6amvRX2J8TbNDR2kH2reG1+HDY8qSzt3A=",
        "owner": "juspay",
        "repo": "rust-flake",
        "rev": "17e25c51f711fd57e465331d68a81b5b2d4602e5",
        "type": "github"
      },
      "original": {
        "owner": "juspay",
        "repo": "rust-flake",
        "type": "github"
      }
    },
    "rust-overlay": {
      "inputs": {
        "nixpkgs": [
          "git-sparta",
          "rust-flake",
          "nixpkgs"
        ]
      },
      "locked": {
        "lastModified": 1759544920,
        "narHash": "sha256-yQwP0JOHi3Icq09GG5ufGuGrq2zIijglVFj3kkF2MHA=",
        "owner": "oxalica",
        "repo": "rust-overlay",
        "rev": "bd3a63bbff2c4cb3cd48e9d49f54c2ccad457f70",
        "type": "github"
      },
      "original": {
        "owner": "oxalica",
        "repo": "rust-overlay",
        "type": "github"
      }
    },
    "sops-nix": {
      "inputs": {
        "nixpkgs": "nixpkgs_8"
      },
      "locked": {
        "lastModified": 1760393368,
        "narHash": "sha256-8mN3kqyqa2PKY0wwZ2UmMEYMcxvNTwLaOrrDsw6Qi4E=",
        "owner": "Mic92",
        "repo": "sops-nix",
        "rev": "ab8d56e85b8be14cff9d93735951e30c3e86a437",
        "type": "github"
      },
      "original": {
        "owner": "Mic92",
        "repo": "sops-nix",
        "type": "github"
      }
    },
    "systems": {
      "locked": {
        "lastModified": 1681028828,
        "narHash": "sha256-Vy1rq5AaRuLzOxct8nz4T6wlgyUR7zLU309k9mBC768=",
        "owner": "nix-systems",
        "repo": "default",
        "rev": "da67096a3b9bf56a91d16901293e51ba5b49a27e",
        "type": "github"
      },
      "original": {
        "owner": "nix-systems",
        "repo": "default",
        "type": "github"
      }
    },
    "systems_2": {
      "locked": {
        "lastModified": 1681028828,
        "narHash": "sha256-Vy1rq5AaRuLzOxct8nz4T6wlgyUR7zLU309k9mBC768=",
        "owner": "nix-systems",
        "repo": "default",
        "rev": "da67096a3b9bf56a91d16901293e51ba5b49a27e",
        "type": "github"
      },
      "original": {
        "owner": "nix-systems",
        "repo": "default",
        "type": "github"
      }
    },
    "treefmt-nix": {
      "inputs": {
        "nixpkgs": "nixpkgs_9"
      },
      "locked": {
        "lastModified": 1760120816,
        "narHash": "sha256-gq9rdocpmRZCwLS5vsHozwB6b5nrOBDNc2kkEaTXHfg=",
        "owner": "numtide",
        "repo": "treefmt-nix",
        "rev": "761ae7aff00907b607125b2f57338b74177697ed",
        "type": "github"
      },
      "original": {
        "owner": "numtide",
        "repo": "treefmt-nix",
        "type": "github"
      }
    },
    "xwayland-satellite-stable": {
      "flake": false,
      "locked": {
        "lastModified": 1755491097,
        "narHash": "sha256-m+9tUfsmBeF2Gn4HWa6vSITZ4Gz1eA1F5Kh62B0N4oE=",
        "owner": "Supreeeme",
        "repo": "xwayland-satellite",
        "rev": "388d291e82ffbc73be18169d39470f340707edaa",
        "type": "github"
      },
      "original": {
        "owner": "Supreeeme",
        "ref": "v0.7",
        "repo": "xwayland-satellite",
        "type": "github"
      }
    },
    "xwayland-satellite-unstable": {
      "flake": false,
      "locked": {
        "lastModified": 1759707084,
        "narHash": "sha256-0pkftKs6/LReNvxw7DVTN2AJEheZVgyeK0Aarbagi70=",
        "owner": "Supreeeme",
        "repo": "xwayland-satellite",
        "rev": "a9188e70bd748118b4d56a529871b9de5adb9988",
        "type": "github"
      },
      "original": {
        "owner": "Supreeeme",
        "repo": "xwayland-satellite",
        "type": "github"
      }
    }
  },
  "root": "root",
  "version": 7
}
