{
  "nodes": {
    "crane": {
      "locked": {
        "lastModified": 1759511609,
        "narHash": "sha256-uU6Dq5OUgI9pEiMDwZZhvsoxYD+36xKIkYyFXDr//6A=",
        "owner": "ipetkov",
        "repo": "crane",
        "rev": "c5b48a59ccd5179ea626f47b05d2828c37fb31b7",
        "type": "github"
      },
      "original": {
        "owner": "ipetkov",
        "repo": "crane",
        "type": "github"
      }
    },
    "den": {
      "locked": {
        "lastModified": 1761617317,
        "narHash": "sha256-QzXeoJ8YHTx866AjW4ocJXIaR7gvPolqba5I8dnKddw=",
        "owner": "vic",
        "repo": "den",
        "rev": "fb490adb547f2f89539ee1cefad37f80aa2c2e1e",
        "type": "github"
      },
      "original": {
        "owner": "vic",
        "repo": "den",
        "type": "github"
      }
    },
    "fenix": {
      "inputs": {
        "nixpkgs": [
          "git-sparta",
          "nixpkgs"
        ],
        "rust-analyzer-src": "rust-analyzer-src"
      },
      "locked": {
        "lastModified": 1760164678,
        "narHash": "sha256-yxcfwZCysR6zPaFv7is3/FWd1h0h6kXME0vueSwTBhU=",
        "owner": "nix-community",
        "repo": "fenix",
        "rev": "2579f163559b902959cc420a6d3bfbd98c46a323",
        "type": "github"
      },
      "original": {
        "owner": "nix-community",
        "repo": "fenix",
        "type": "github"
      }
    },
    "files": {
      "locked": {
        "lastModified": 1750263550,
        "narHash": "sha256-EW/QJ8i/13GgiynBb6zOMxhLU1uEkRqmzbIDEP23yVA=",
        "owner": "mightyiam",
        "repo": "files",
        "rev": "5f4ef1fd1f9012354a9748be093e277675d10f07",
        "type": "github"
      },
      "original": {
        "owner": "mightyiam",
        "repo": "files",
        "type": "github"
      }
    },
    "flake-aspects": {
      "locked": {
        "lastModified": 1761636327,
        "narHash": "sha256-uJHmHSop4rhFLdae8MZ7mYq2AZwDoT23IcVp2nRNjcY=",
        "owner": "vic",
        "repo": "flake-aspects",
        "rev": "d05f296d826cc890b472db8981b970c05f978251",
        "type": "github"
      },
      "original": {
        "owner": "vic",
        "repo": "flake-aspects",
        "type": "github"
      }
    },
    "flake-compat": {
      "flake": false,
      "locked": {
        "lastModified": 1747046372,
        "narHash": "sha256-CIVLLkVgvHYbgI2UpXvIIBJ12HWgX+fjA8Xf8PUmqCY=",
        "owner": "edolstra",
        "repo": "flake-compat",
        "rev": "9100a0f413b0c601e0533d1d94ffd501ce2e7885",
        "type": "github"
      },
      "original": {
        "owner": "edolstra",
        "repo": "flake-compat",
        "type": "github"
      }
    },
    "flake-file": {
      "locked": {
        "lastModified": 1761535278,
        "narHash": "sha256-OPZ7XpG778i9CIJfchAwgrZGZ9z1dWJzfN18VFxCyS4=",
        "owner": "vic",
        "repo": "flake-file",
        "rev": "57b2a65831ae49e4f9218dbba1c2dc9700f6cd68",
        "type": "github"
      },
      "original": {
        "owner": "vic",
        "repo": "flake-file",
        "type": "github"
      }
    },
    "flake-parts": {
      "inputs": {
        "nixpkgs-lib": [
          "nixpkgs-lib"
        ]
      },
      "locked": {
        "lastModified": 1760948891,
        "narHash": "sha256-TmWcdiUUaWk8J4lpjzu4gCGxWY6/Ok7mOK4fIFfBuU4=",
        "owner": "hercules-ci",
        "repo": "flake-parts",
        "rev": "864599284fc7c0ba6357ed89ed5e2cd5040f0c04",
        "type": "github"
      },
      "original": {
        "owner": "hercules-ci",
        "repo": "flake-parts",
        "type": "github"
      }
    },
    "flake-parts_2": {
      "inputs": {
        "nixpkgs-lib": [
          "nixpkgs-lib"
        ]
      },
      "locked": {
        "lastModified": 1760948891,
        "narHash": "sha256-TmWcdiUUaWk8J4lpjzu4gCGxWY6/Ok7mOK4fIFfBuU4=",
        "owner": "hercules-ci",
        "repo": "flake-parts",
        "rev": "864599284fc7c0ba6357ed89ed5e2cd5040f0c04",
        "type": "github"
      },
      "original": {
        "owner": "hercules-ci",
        "repo": "flake-parts",
        "type": "github"
      }
    },
    "flake-parts_3": {
      "inputs": {
        "nixpkgs-lib": [
          "nixpkgs-lib"
        ]
      },
      "locked": {
        "lastModified": 1760948891,
        "narHash": "sha256-TmWcdiUUaWk8J4lpjzu4gCGxWY6/Ok7mOK4fIFfBuU4=",
        "owner": "hercules-ci",
        "repo": "flake-parts",
        "rev": "864599284fc7c0ba6357ed89ed5e2cd5040f0c04",
        "type": "github"
      },
      "original": {
        "owner": "hercules-ci",
        "repo": "flake-parts",
        "type": "github"
      }
    },
    "flake-parts_4": {
      "inputs": {
        "nixpkgs-lib": [
          "nixpkgs-lib"
        ]
      },
      "locked": {
        "lastModified": 1760948891,
        "narHash": "sha256-TmWcdiUUaWk8J4lpjzu4gCGxWY6/Ok7mOK4fIFfBuU4=",
        "owner": "hercules-ci",
        "repo": "flake-parts",
        "rev": "864599284fc7c0ba6357ed89ed5e2cd5040f0c04",
        "type": "github"
      },
      "original": {
        "owner": "hercules-ci",
        "repo": "flake-parts",
        "type": "github"
      }
    },
    "git-hooks": {
      "flake": false,
      "locked": {
        "lastModified": 1759523803,
        "narHash": "sha256-PTod9NG+i3XbbnBKMl/e5uHDBYpwIWivQ3gOWSEuIEM=",
        "owner": "cachix",
        "repo": "git-hooks.nix",
        "rev": "cfc9f7bb163ad8542029d303e599c0f7eee09835",
        "type": "github"
      },
      "original": {
        "owner": "cachix",
        "repo": "git-hooks.nix",
        "type": "github"
      }
    },
    "git-sparta": {
      "inputs": {
        "fenix": "fenix",
        "flake-parts": "flake-parts_2",
        "git-hooks": "git-hooks",
        "nixpkgs": [
          "nixpkgs"
        ],
        "rust-flake": "rust-flake",
        "systems": "systems"
      },
      "locked": {
        "lastModified": 1760935111,
        "narHash": "sha256-BUU5v5NFsi5XTUl+5Uu21FG+GMuh1i60hmZXpnbD0g8=",
        "owner": "Alb-O",
        "repo": "git-sparta",
        "rev": "5cdfc1eac9f4fea5b3cef424f2351b1fbd967579",
        "type": "github"
      },
      "original": {
        "owner": "Alb-O",
        "repo": "git-sparta",
        "type": "github"
      }
    },
    "helium-browser": {
      "inputs": {
        "flake-parts": "flake-parts_3",
        "nixpkgs": [
          "nixpkgs"
        ],
        "treefmt-nix": "treefmt-nix"
      },
      "locked": {
        "lastModified": 1761337656,
        "narHash": "sha256-UQmqlrmpN6R3WOQMcvHNfuveftPhg8uhAbCe9ijTMcI=",
        "owner": "ominit",
        "repo": "helium-browser-flake",
        "rev": "90ec70f402ae26e9d78c9ea8980d44d59426ce9b",
        "type": "github"
      },
      "original": {
        "owner": "ominit",
        "repo": "helium-browser-flake",
        "type": "github"
      }
    },
    "home-manager": {
      "inputs": {
        "nixpkgs": [
          "nixpkgs"
        ]
      },
      "locked": {
        "lastModified": 1761584077,
        "narHash": "sha256-dISPEZahlfs5K6d58zR4akRRyogfE9P4WSyPPNT7HiE=",
        "owner": "nix-community",
        "repo": "home-manager",
        "rev": "e82585308aef3d4cc2c36c7b6946051c8cdf24ef",
        "type": "github"
      },
      "original": {
        "owner": "nix-community",
        "repo": "home-manager",
        "type": "github"
      }
    },
    "import-tree": {
      "locked": {
        "lastModified": 1761120675,
        "narHash": "sha256-TEbh9zISiQcU82VwVoEbmXHnSGlUxTwvjJA9g9ErSDA=",
        "owner": "vic",
        "repo": "import-tree",
        "rev": "a037ed2a58fc0ebed9e93b9ef79b0646e648f719",
        "type": "github"
      },
      "original": {
        "owner": "vic",
        "repo": "import-tree",
        "type": "github"
      }
    },
    "mcp-servers-nix": {
      "inputs": {
        "nixpkgs": [
          "nixpkgs"
        ]
      },
      "locked": {
        "lastModified": 1761590100,
        "narHash": "sha256-7hQgKHEEBAXliATg+M+l0CLBx0VcBGu9goYrGJJNdhU=",
        "owner": "natsukium",
        "repo": "mcp-servers-nix",
        "rev": "796c468fcdcedb1370fc9c9b5033ea6336b803ef",
        "type": "github"
      },
      "original": {
        "owner": "natsukium",
        "repo": "mcp-servers-nix",
        "type": "github"
      }
    },
    "nix-auto-follow": {
      "inputs": {
        "nixpkgs": [
          "nixpkgs"
        ]
      },
      "locked": {
        "lastModified": 1754073254,
        "narHash": "sha256-CQp/v2HQ7AtGJQqFGRZLHt4MZAK3NF94I6GDaRyhbsc=",
        "owner": "fzakaria",
        "repo": "nix-auto-follow",
        "rev": "5baa00b79d4cc46523da0b8b3532c5163d151be4",
        "type": "github"
      },
      "original": {
        "owner": "fzakaria",
        "repo": "nix-auto-follow",
        "type": "github"
      }
    },
    "nixos-wsl": {
      "inputs": {
        "flake-compat": "flake-compat",
        "nixpkgs": [
          "nixpkgs"
        ]
      },
      "locked": {
        "lastModified": 1761563673,
        "narHash": "sha256-d+1TpVAmRjcNBfjZsh2yQSdwUfN7Xgz1blJ185g73+A=",
        "owner": "nix-community",
        "repo": "NixOS-WSL",
        "rev": "a518cf710e5ebb935518dc7ac98e07e7ee5014c3",
        "type": "github"
      },
      "original": {
        "owner": "nix-community",
        "repo": "NixOS-WSL",
        "type": "github"
      }
    },
    "nixpkgs": {
      "locked": {
        "lastModified": 1761440988,
        "narHash": "sha256-2qsow3cQIgZB2g8Cy8cW+L9eXDHP6a1PsvOschk5y+E=",
        "owner": "nixos",
        "repo": "nixpkgs",
        "rev": "de69d2ba6c70e747320df9c096523b623d3a4c35",
        "type": "github"
      },
      "original": {
        "owner": "nixos",
        "ref": "nixpkgs-unstable",
        "repo": "nixpkgs",
        "type": "github"
      }
    },
    "nixpkgs-master": {
      "locked": {
        "lastModified": 1761640165,
        "narHash": "sha256-rb7HbcpO53vrdK1Grl/q2sqCTzsRHbLZ57rRlhhglv4=",
        "owner": "NixOS",
        "repo": "nixpkgs",
        "rev": "896a7d40038ae89b16b156962f0d4abf19e1afa4",
        "type": "github"
      },
      "original": {
        "owner": "NixOS",
        "ref": "master",
        "repo": "nixpkgs",
        "type": "github"
      }
    },
    "nur": {
      "inputs": {
        "flake-parts": "flake-parts_4",
        "nixpkgs": [
          "nixpkgs"
        ]
      },
      "locked": {
        "lastModified": 1761639790,
        "narHash": "sha256-msNWLjIyOF+fLtnqOyuWy6rZrHY6crYKTu91ZGwqLac=",
        "owner": "nix-community",
        "repo": "NUR",
        "rev": "4df6b0948286efd207efc11bde7b273ff2fb939a",
        "type": "github"
      },
      "original": {
        "owner": "nix-community",
        "repo": "NUR",
        "type": "github"
      }
    },
    "root": {
      "inputs": {
        "den": "den",
        "files": "files",
        "flake-aspects": "flake-aspects",
        "flake-file": "flake-file",
        "flake-parts": "flake-parts",
        "git-sparta": "git-sparta",
        "helium-browser": "helium-browser",
        "home-manager": "home-manager",
        "import-tree": "import-tree",
        "mcp-servers-nix": "mcp-servers-nix",
        "nix-auto-follow": "nix-auto-follow",
        "nixos-wsl": "nixos-wsl",
        "nixpkgs": "nixpkgs",
        "nixpkgs-lib": [
          "nixpkgs"
        ],
        "nixpkgs-master": "nixpkgs-master",
        "nur": "nur",
        "sops-nix": "sops-nix",
        "systems": "systems_2",
        "treefmt-nix": "treefmt-nix_2"
      }
    },
    "rust-analyzer-src": {
      "flake": false,
      "locked": {
        "lastModified": 1760090851,
        "narHash": "sha256-XGkBjf4Dzg6tXd0KGgKzeW4oVX/iLzLhD3rQ1cATpqM=",
        "owner": "rust-lang",
        "repo": "rust-analyzer",
        "rev": "b93180b4f2cb3c81ac7f17f46e3dfcb30ecc7843",
        "type": "github"
      },
      "original": {
        "owner": "rust-lang",
        "ref": "nightly",
        "repo": "rust-analyzer",
        "type": "github"
      }
    },
    "rust-flake": {
      "inputs": {
        "crane": "crane",
        "nixpkgs": [
          "git-sparta",
          "nixpkgs"
        ],
        "rust-overlay": "rust-overlay"
      },
      "locked": {
        "lastModified": 1759628990,
        "narHash": "sha256-yxsKahlZkX6amvRX2J8TbNDR2kH2reG1+HDY8qSzt3A=",
        "owner": "juspay",
        "repo": "rust-flake",
        "rev": "17e25c51f711fd57e465331d68a81b5b2d4602e5",
        "type": "github"
      },
      "original": {
        "owner": "juspay",
        "repo": "rust-flake",
        "type": "github"
      }
    },
    "rust-overlay": {
      "inputs": {
        "nixpkgs": [
          "git-sparta",
          "rust-flake",
          "nixpkgs"
        ]
      },
      "locked": {
        "lastModified": 1759544920,
        "narHash": "sha256-yQwP0JOHi3Icq09GG5ufGuGrq2zIijglVFj3kkF2MHA=",
        "owner": "oxalica",
        "repo": "rust-overlay",
        "rev": "bd3a63bbff2c4cb3cd48e9d49f54c2ccad457f70",
        "type": "github"
      },
      "original": {
        "owner": "oxalica",
        "repo": "rust-overlay",
        "type": "github"
      }
    },
    "sops-nix": {
      "inputs": {
        "nixpkgs": [
          "nixpkgs"
        ]
      },
      "locked": {
        "lastModified": 1760998189,
        "narHash": "sha256-ee2e1/AeGL5X8oy/HXsZQvZnae6XfEVdstGopKucYLY=",
        "owner": "Mic92",
        "repo": "sops-nix",
        "rev": "5a7d18b5c55642df5c432aadb757140edfeb70b3",
        "type": "github"
      },
      "original": {
        "owner": "Mic92",
        "repo": "sops-nix",
        "type": "github"
      }
    },
    "systems": {
      "locked": {
        "lastModified": 1681028828,
        "narHash": "sha256-Vy1rq5AaRuLzOxct8nz4T6wlgyUR7zLU309k9mBC768=",
        "owner": "nix-systems",
        "repo": "default",
        "rev": "da67096a3b9bf56a91d16901293e51ba5b49a27e",
        "type": "github"
      },
      "original": {
        "owner": "nix-systems",
        "repo": "default",
        "type": "github"
      }
    },
    "systems_2": {
      "locked": {
        "lastModified": 1681028828,
        "narHash": "sha256-Vy1rq5AaRuLzOxct8nz4T6wlgyUR7zLU309k9mBC768=",
        "owner": "nix-systems",
        "repo": "default",
        "rev": "da67096a3b9bf56a91d16901293e51ba5b49a27e",
        "type": "github"
      },
      "original": {
        "owner": "nix-systems",
        "repo": "default",
        "type": "github"
      }
    },
    "treefmt-nix": {
      "inputs": {
        "nixpkgs": [
          "nixpkgs"
        ]
      },
      "locked": {
        "lastModified": 1761311587,
        "narHash": "sha256-Msq86cR5SjozQGCnC6H8C+0cD4rnx91BPltZ9KK613Y=",
        "owner": "numtide",
        "repo": "treefmt-nix",
        "rev": "2eddae033e4e74bf581c2d1dfa101f9033dbd2dc",
        "type": "github"
      },
      "original": {
        "owner": "numtide",
        "repo": "treefmt-nix",
        "type": "github"
      }
    },
    "treefmt-nix_2": {
      "inputs": {
        "nixpkgs": [
          "nixpkgs"
        ]
      },
      "locked": {
        "lastModified": 1761311587,
        "narHash": "sha256-Msq86cR5SjozQGCnC6H8C+0cD4rnx91BPltZ9KK613Y=",
        "owner": "numtide",
        "repo": "treefmt-nix",
        "rev": "2eddae033e4e74bf581c2d1dfa101f9033dbd2dc",
        "type": "github"
      },
      "original": {
        "owner": "numtide",
        "repo": "treefmt-nix",
        "type": "github"
      }
    }
  },
  "root": "root",
  "version": 7
}
